PODS:
  - Flutter (1.0.0)
  - keyboard_visibility (0.5.0):
    - Flutter

DEPENDENCIES:
  - Flutter (from `Flutter`)
  - keyboard_visibility (from `.symlinks/plugins/keyboard_visibility/ios`)

EXTERNAL SOURCES:
  Flutter:
    :path: Flutter
  keyboard_visibility:
    :path: ".symlinks/plugins/keyboard_visibility/ios"

SPEC CHECKSUMS:
  Flutter: 434fef37c0980e73bb6479ef766c45957d4b510c
  keyboard_visibility: 3f4639d295e181a9de4d889623ceefa6b846e693

PODFILE CHECKSUM: aafe91acc616949ddb318b77800a7f51bffa2a4c

COCOAPODS: 1.11.2
